
Microsoft Visual Studio Solution File, Format Version 12.00
# Visual Studio Version 17
VisualStudioVersion = 17.10.35013.160
MinimumVisualStudioVersion = 10.0.40219.1
Project("{FAE04EC0-301F-11D3-BF4B-00C04F79EFBC}") = "Tp10-Ejercicio2", "Tp10-Ejercicio2\Tp10-Ejercicio2.csproj", "{579B8A9D-BBD2-4CBB-9B94-B8A5D4DCEE31}"
EndProject
Global
	GlobalSection(SolutionConfigurationPlatforms) = preSolution
		Debug|Any CPU = Debug|Any CPU
		Release|Any CPU = Release|Any CPU
	EndGlobalSection
	GlobalSection(ProjectConfigurationPlatforms) = postSolution
		{579B8A9D-BBD2-4CBB-9B94-B8A5D4DCEE31}.Debug|Any CPU.ActiveCfg = Debug|Any CPU
		{579B8A9D-BBD2-4CBB-9B94-B8A5D4DCEE31}.Debug|Any CPU.Build.0 = Debug|Any CPU
		{579B8A9D-BBD2-4CBB-9B94-B8A5D4DCEE31}.Release|Any CPU.ActiveCfg = Release|Any CPU
		{579B8A9D-BBD2-4CBB-9B94-B8A5D4DCEE31}.Release|Any CPU.Build.0 = Release|Any CPU
	EndGlobalSection
	GlobalSection(SolutionProperties) = preSolution
		HideSolutionNode = FALSE
	EndGlobalSection
	GlobalSection(ExtensibilityGlobals) = postSolution
		SolutionGuid = {8290C648-86D8-4F3C-963B-F99AC3C7E3AD}
	EndGlobalSection
EndGlobal
