
Microsoft Visual Studio Solution File, Format Version 12.00
# Visual Studio Version 17
VisualStudioVersion = 17.9.34701.34
MinimumVisualStudioVersion = 10.0.40219.1
Project("{FAE04EC0-301F-11D3-BF4B-00C04F79EFBC}") = "Tp8-Ejercicio3", "Tp8-Ejercicio3\Tp8-Ejercicio3.csproj", "{72E52689-AFDE-4902-848D-F698B6DA265B}"
EndProject
Global
	GlobalSection(SolutionConfigurationPlatforms) = preSolution
		Debug|Any CPU = Debug|Any CPU
		Release|Any CPU = Release|Any CPU
	EndGlobalSection
	GlobalSection(ProjectConfigurationPlatforms) = postSolution
		{72E52689-AFDE-4902-848D-F698B6DA265B}.Debug|Any CPU.ActiveCfg = Debug|Any CPU
		{72E52689-AFDE-4902-848D-F698B6DA265B}.Debug|Any CPU.Build.0 = Debug|Any CPU
		{72E52689-AFDE-4902-848D-F698B6DA265B}.Release|Any CPU.ActiveCfg = Release|Any CPU
		{72E52689-AFDE-4902-848D-F698B6DA265B}.Release|Any CPU.Build.0 = Release|Any CPU
	EndGlobalSection
	GlobalSection(SolutionProperties) = preSolution
		HideSolutionNode = FALSE
	EndGlobalSection
	GlobalSection(ExtensibilityGlobals) = postSolution
		SolutionGuid = {DA232053-7704-4274-BCB5-CA3B6C2BE6AD}
	EndGlobalSection
EndGlobal
