
Microsoft Visual Studio Solution File, Format Version 12.00
# Visual Studio Version 17
VisualStudioVersion = 17.10.35013.160
MinimumVisualStudioVersion = 10.0.40219.1
Project("{FAE04EC0-301F-11D3-BF4B-00C04F79EFBC}") = "Tp9-Ejercicio1", "Tp9-Ejercicio1\Tp9-Ejercicio1.csproj", "{AA0836B7-A269-49B9-B867-E8DF80B84D85}"
EndProject
Global
	GlobalSection(SolutionConfigurationPlatforms) = preSolution
		Debug|Any CPU = Debug|Any CPU
		Release|Any CPU = Release|Any CPU
	EndGlobalSection
	GlobalSection(ProjectConfigurationPlatforms) = postSolution
		{AA0836B7-A269-49B9-B867-E8DF80B84D85}.Debug|Any CPU.ActiveCfg = Debug|Any CPU
		{AA0836B7-A269-49B9-B867-E8DF80B84D85}.Debug|Any CPU.Build.0 = Debug|Any CPU
		{AA0836B7-A269-49B9-B867-E8DF80B84D85}.Release|Any CPU.ActiveCfg = Release|Any CPU
		{AA0836B7-A269-49B9-B867-E8DF80B84D85}.Release|Any CPU.Build.0 = Release|Any CPU
	EndGlobalSection
	GlobalSection(SolutionProperties) = preSolution
		HideSolutionNode = FALSE
	EndGlobalSection
	GlobalSection(ExtensibilityGlobals) = postSolution
		SolutionGuid = {3A0807BF-0F75-458C-AD8B-564318E947CB}
	EndGlobalSection
EndGlobal
